{
  "name": "blazor-hybrid-web-gpu-test-controls",
  "version": "1.0.0",
  "lockfileVersion": 2,
  "requires": true,
  "packages": {
    "": {
      "name": "blazor-hybrid-web-gpu-test-controls",
      "version": "1.0.0",
      "license": "ISC",
      "dependencies": {
        "babylonjs": "5.0.0-alpha.65",
        "babylonjs-materials": "5.0.0-alpha.65"
      }
    },
    "node_modules/babylonjs": {
      "version": "5.0.0-alpha.65",
      "resolved": "https://registry.npmjs.org/babylonjs/-/babylonjs-5.0.0-alpha.65.tgz",
      "integrity": "sha512-rdY8wVtNc2nenTNUXOWjRFnJ31XAlfgKThXvOPCTgBbuBHDzosYliM13RRVMc4gDsAX9i4+iiDpMFcpz6ePYRQ==",
      "engines": {
        "node": ">=12.x"
      }
    },
    "node_modules/babylonjs-materials": {
      "version": "5.0.0-alpha.65",
      "resolved": "https://registry.npmjs.org/babylonjs-materials/-/babylonjs-materials-5.0.0-alpha.65.tgz",
      "integrity": "sha512-EQJEVwPLmLP3/B6C+8EA0OdSt5lUtuv+UmDX4NusB/CrUxrjtkeSzmMXO7aRmdg0OrBXd/b4BWpNfhjv3mcebA==",
      "dependencies": {
        "babylonjs": "5.0.0-alpha.65"
      },
      "engines": {
        "node": "*"
      }
    },
    "node_modules/babylonjs-materials/node_modules/babylonjs": {
      "version": "5.0.0-alpha.65",
      "resolved": "https://registry.npmjs.org/babylonjs/-/babylonjs-5.0.0-alpha.65.tgz",
      "integrity": "sha512-rdY8wVtNc2nenTNUXOWjRFnJ31XAlfgKThXvOPCTgBbuBHDzosYliM13RRVMc4gDsAX9i4+iiDpMFcpz6ePYRQ==",
      "engines": {
        "node": ">=12.x"
      }
    }
  },
  "dependencies": {
    "babylonjs": {
      "version": "5.0.0-alpha.65",
      "resolved": "https://registry.npmjs.org/babylonjs/-/babylonjs-5.0.0-alpha.65.tgz",
      "integrity": "sha512-rdY8wVtNc2nenTNUXOWjRFnJ31XAlfgKThXvOPCTgBbuBHDzosYliM13RRVMc4gDsAX9i4+iiDpMFcpz6ePYRQ=="
    },
    "babylonjs-materials": {
      "version": "5.0.0-alpha.65",
      "resolved": "https://registry.npmjs.org/babylonjs-materials/-/babylonjs-materials-5.0.0-alpha.65.tgz",
      "integrity": "sha512-EQJEVwPLmLP3/B6C+8EA0OdSt5lUtuv+UmDX4NusB/CrUxrjtkeSzmMXO7aRmdg0OrBXd/b4BWpNfhjv3mcebA==",
      "requires": {
        "babylonjs": "5.0.0-alpha.65"
      },
      "dependencies": {
        "babylonjs": {
          "version": "5.0.0-alpha.65",
          "resolved": "https://registry.npmjs.org/babylonjs/-/babylonjs-5.0.0-alpha.65.tgz",
          "integrity": "sha512-rdY8wVtNc2nenTNUXOWjRFnJ31XAlfgKThXvOPCTgBbuBHDzosYliM13RRVMc4gDsAX9i4+iiDpMFcpz6ePYRQ=="
        }
      }
    }
  }
}
