{
  "name": "blazor-hybrid-web-gpu-test-controls",
  "version": "1.0.0",
  "lockfileVersion": 1,
  "requires": true,
  "dependencies": {
    "babylonjs": {
      "version": "5.0.0-alpha.64",
      "resolved": "https://registry.npmjs.org/babylonjs/-/babylonjs-5.0.0-alpha.64.tgz",
      "integrity": "sha512-XgwseEZMeu24iu7+mrhCWHBK+Ecehnm8E+dVmVkFLzI4UUQoednw9xpRuEsum+nMYfhNVAn8xd1P+TdVTqIV2A=="
    },
    "babylonjs-materials": {
      "version": "5.0.0-alpha.65",
      "resolved": "https://registry.npmjs.org/babylonjs-materials/-/babylonjs-materials-5.0.0-alpha.65.tgz",
      "integrity": "sha512-EQJEVwPLmLP3/B6C+8EA0OdSt5lUtuv+UmDX4NusB/CrUxrjtkeSzmMXO7aRmdg0OrBXd/b4BWpNfhjv3mcebA==",
      "requires": {
        "babylonjs": "5.0.0-alpha.65"
      },
      "dependencies": {
        "babylonjs": {
          "version": "5.0.0-alpha.65",
          "resolved": "https://registry.npmjs.org/babylonjs/-/babylonjs-5.0.0-alpha.65.tgz",
          "integrity": "sha512-rdY8wVtNc2nenTNUXOWjRFnJ31XAlfgKThXvOPCTgBbuBHDzosYliM13RRVMc4gDsAX9i4+iiDpMFcpz6ePYRQ=="
        }
      }
    },
    "require.js": {
      "version": "1.0.0",
      "resolved": "https://registry.npmjs.org/require.js/-/require.js-1.0.0.tgz",
      "integrity": "sha1-cfoyczZq9EJ7AmWiGL5eYu1PkMg="
    }
  }
}
